
Microsoft Visual Studio Solution File, Format Version 12.00
# Visual Studio 15
VisualStudioVersion = 15.0.28307.1082
MinimumVisualStudioVersion = 10.0.40219.1
Project("{FAE04EC0-301F-11D3-BF4B-00C04F79EFBC}") = "SixLetterWords", "SixLetterWords\SixLetterWords.csproj", "{C78CB53F-EAA2-4EA4-A26D-997BE0A6C32B}"
EndProject
Global
	GlobalSection(SolutionConfigurationPlatforms) = preSolution
		Debug|Any CPU = Debug|Any CPU
		Release|Any CPU = Release|Any CPU
	EndGlobalSection
	GlobalSection(ProjectConfigurationPlatforms) = postSolution
		{C78CB53F-EAA2-4EA4-A26D-997BE0A6C32B}.Debug|Any CPU.ActiveCfg = Debug|Any CPU
		{C78CB53F-EAA2-4EA4-A26D-997BE0A6C32B}.Debug|Any CPU.Build.0 = Debug|Any CPU
		{C78CB53F-EAA2-4EA4-A26D-997BE0A6C32B}.Release|Any CPU.ActiveCfg = Release|Any CPU
		{C78CB53F-EAA2-4EA4-A26D-997BE0A6C32B}.Release|Any CPU.Build.0 = Release|Any CPU
	EndGlobalSection
	GlobalSection(SolutionProperties) = preSolution
		HideSolutionNode = FALSE
	EndGlobalSection
	GlobalSection(ExtensibilityGlobals) = postSolution
		SolutionGuid = {3266C99F-EC55-4C66-A43F-B82B067124A7}
	EndGlobalSection
EndGlobal
